
Microsoft Visual Studio Solution File, Format Version 12.00
# Visual Studio 15
VisualStudioVersion = 15.0.28307.645
MinimumVisualStudioVersion = 10.0.40219.1
Project("{8BC9CEB8-8B4A-11D0-8D11-00A0C91BC942}") = "AbstractStorageTest", "AbstractStorageTest\AbstractStorageTest.vcxproj", "{AFFF835C-0202-4EAF-9978-E48B48F80C42}"
EndProject
Project("{8BC9CEB8-8B4A-11D0-8D11-00A0C91BC942}") = "TestUniformPtr", "TestUniformPtr\TestUniformPtr.vcxproj", "{82C977EF-AD9C-4C4D-9AC8-8F9FDACFE537}"
EndProject
Global
	GlobalSection(SolutionConfigurationPlatforms) = preSolution
		Debug|x64 = Debug|x64
		Debug|x86 = Debug|x86
		Release|x64 = Release|x64
		Release|x86 = Release|x86
	EndGlobalSection
	GlobalSection(ProjectConfigurationPlatforms) = postSolution
		{AFFF835C-0202-4EAF-9978-E48B48F80C42}.Debug|x64.ActiveCfg = Debug|x64
		{AFFF835C-0202-4EAF-9978-E48B48F80C42}.Debug|x64.Build.0 = Debug|x64
		{AFFF835C-0202-4EAF-9978-E48B48F80C42}.Debug|x86.ActiveCfg = Debug|Win32
		{AFFF835C-0202-4EAF-9978-E48B48F80C42}.Debug|x86.Build.0 = Debug|Win32
		{AFFF835C-0202-4EAF-9978-E48B48F80C42}.Release|x64.ActiveCfg = Release|x64
		{AFFF835C-0202-4EAF-9978-E48B48F80C42}.Release|x64.Build.0 = Release|x64
		{AFFF835C-0202-4EAF-9978-E48B48F80C42}.Release|x86.ActiveCfg = Release|Win32
		{AFFF835C-0202-4EAF-9978-E48B48F80C42}.Release|x86.Build.0 = Release|Win32
		{82C977EF-AD9C-4C4D-9AC8-8F9FDACFE537}.Debug|x64.ActiveCfg = Debug|x64
		{82C977EF-AD9C-4C4D-9AC8-8F9FDACFE537}.Debug|x64.Build.0 = Debug|x64
		{82C977EF-AD9C-4C4D-9AC8-8F9FDACFE537}.Debug|x86.ActiveCfg = Debug|Win32
		{82C977EF-AD9C-4C4D-9AC8-8F9FDACFE537}.Debug|x86.Build.0 = Debug|Win32
		{82C977EF-AD9C-4C4D-9AC8-8F9FDACFE537}.Release|x64.ActiveCfg = Release|x64
		{82C977EF-AD9C-4C4D-9AC8-8F9FDACFE537}.Release|x64.Build.0 = Release|x64
		{82C977EF-AD9C-4C4D-9AC8-8F9FDACFE537}.Release|x86.ActiveCfg = Release|Win32
		{82C977EF-AD9C-4C4D-9AC8-8F9FDACFE537}.Release|x86.Build.0 = Release|Win32
	EndGlobalSection
	GlobalSection(SolutionProperties) = preSolution
		HideSolutionNode = FALSE
	EndGlobalSection
	GlobalSection(ExtensibilityGlobals) = postSolution
		SolutionGuid = {B3929357-D363-4B4E-9FB3-48F98F65B1BA}
	EndGlobalSection
EndGlobal
